// !$*UTF8*$!
{
	archiveVersion = 1;
	classes = {
	};
	objectVersion = 46;
	objects = {

/* Begin PBXBuildFile section */
		2087A68D17520C9600AD8608 /* SplitterViewController.m in Sources */ = {isa = PBXBuildFile; fileRef = 2087A68C17520C9600AD8608 /* SplitterViewController.m */; };
		209E346A1749780800A9DCB2 /* UIKit.framework in Frameworks */ = {isa = PBXBuildFile; fileRef = 209E34691749780800A9DCB2 /* UIKit.framework */; };
		209E346C1749780800A9DCB2 /* Foundation.framework in Frameworks */ = {isa = PBXBuildFile; fileRef = 209E346B1749780800A9DCB2 /* Foundation.framework */; };
		209E346E1749780800A9DCB2 /* CoreGraphics.framework in Frameworks */ = {isa = PBXBuildFile; fileRef = 209E346D1749780800A9DCB2 /* CoreGraphics.framework */; };
		209E34741749780800A9DCB2 /* InfoPlist.strings in Resources */ = {isa = PBXBuildFile; fileRef = 209E34721749780800A9DCB2 /* InfoPlist.strings */; };
		209E34761749780800A9DCB2 /* main.m in Sources */ = {isa = PBXBuildFile; fileRef = 209E34751749780800A9DCB2 /* main.m */; };
		209E347A1749780800A9DCB2 /* TipicalAppDelegate.m in Sources */ = {isa = PBXBuildFile; fileRef = 209E34791749780800A9DCB2 /* TipicalAppDelegate.m */; };
		209E347C1749780800A9DCB2 /* Default.png in Resources */ = {isa = PBXBuildFile; fileRef = 209E347B1749780800A9DCB2 /* Default.png */; };
		209E347E1749780800A9DCB2 /* Default@2x.png in Resources */ = {isa = PBXBuildFile; fileRef = 209E347D1749780800A9DCB2 /* Default@2x.png */; };
		209E34801749780800A9DCB2 /* Default-568h@2x.png in Resources */ = {isa = PBXBuildFile; fileRef = 209E347F1749780800A9DCB2 /* Default-568h@2x.png */; };
		209E34831749780800A9DCB2 /* MainStoryboard.storyboard in Resources */ = {isa = PBXBuildFile; fileRef = 209E34811749780800A9DCB2 /* MainStoryboard.storyboard */; };
		209E34861749780800A9DCB2 /* TipicalViewController.m in Sources */ = {isa = PBXBuildFile; fileRef = 209E34851749780800A9DCB2 /* TipicalViewController.m */; };
/* End PBXBuildFile section */

/* Begin PBXFileReference section */
		2087A68B17520C9600AD8608 /* SplitterViewController.h */ = {isa = PBXFileReference; fileEncoding = 4; lastKnownFileType = sourcecode.c.h; path = SplitterViewController.h; sourceTree = "<group>"; };
		2087A68C17520C9600AD8608 /* SplitterViewController.m */ = {isa = PBXFileReference; fileEncoding = 4; lastKnownFileType = sourcecode.c.objc; path = SplitterViewController.m; sourceTree = "<group>"; };
		209E34661749780800A9DCB2 /* Tipical.app */ = {isa = PBXFileReference; explicitFileType = wrapper.application; includeInIndex = 0; path = Tipical.app; sourceTree = BUILT_PRODUCTS_DIR; };
		209E34691749780800A9DCB2 /* UIKit.framework */ = {isa = PBXFileReference; lastKnownFileType = wrapper.framework; name = UIKit.framework; path = System/Library/Frameworks/UIKit.framework; sourceTree = SDKROOT; };
		209E346B1749780800A9DCB2 /* Foundation.framework */ = {isa = PBXFileReference; lastKnownFileType = wrapper.framework; name = Foundation.framework; path = System/Library/Frameworks/Foundation.framework; sourceTree = SDKROOT; };
		209E346D1749780800A9DCB2 /* CoreGraphics.framework */ = {isa = PBXFileReference; lastKnownFileType = wrapper.framework; name = CoreGraphics.framework; path = System/Library/Frameworks/CoreGraphics.framework; sourceTree = SDKROOT; };
		209E34711749780800A9DCB2 /* Tipical-Info.plist */ = {isa = PBXFileReference; lastKnownFileType = text.plist.xml; path = "Tipical-Info.plist"; sourceTree = "<group>"; };
		209E34731749780800A9DCB2 /* en */ = {isa = PBXFileReference; lastKnownFileType = text.plist.strings; name = en; path = en.lproj/InfoPlist.strings; sourceTree = "<group>"; };
		209E34751749780800A9DCB2 /* main.m */ = {isa = PBXFileReference; lastKnownFileType = sourcecode.c.objc; path = main.m; sourceTree = "<group>"; };
		209E34771749780800A9DCB2 /* Tipical-Prefix.pch */ = {isa = PBXFileReference; lastKnownFileType = sourcecode.c.h; path = "Tipical-Prefix.pch"; sourceTree = "<group>"; };
		209E34781749780800A9DCB2 /* TipicalAppDelegate.h */ = {isa = PBXFileReference; lastKnownFileType = sourcecode.c.h; path = TipicalAppDelegate.h; sourceTree = "<group>"; };
		209E34791749780800A9DCB2 /* TipicalAppDelegate.m */ = {isa = PBXFileReference; lastKnownFileType = sourcecode.c.objc; path = TipicalAppDelegate.m; sourceTree = "<group>"; };
		209E347B1749780800A9DCB2 /* Default.png */ = {isa = PBXFileReference; lastKnownFileType = image.png; path = Default.png; sourceTree = "<group>"; };
		209E347D1749780800A9DCB2 /* Default@2x.png */ = {isa = PBXFileReference; lastKnownFileType = image.png; path = "Default@2x.png"; sourceTree = "<group>"; };
		209E347F1749780800A9DCB2 /* Default-568h@2x.png */ = {isa = PBXFileReference; lastKnownFileType = image.png; path = "Default-568h@2x.png"; sourceTree = "<group>"; };
		209E34821749780800A9DCB2 /* en */ = {isa = PBXFileReference; lastKnownFileType = file.storyboard; name = en; path = en.lproj/MainStoryboard.storyboard; sourceTree = "<group>"; };
		209E34841749780800A9DCB2 /* TipicalViewController.h */ = {isa = PBXFileReference; lastKnownFileType = sourcecode.c.h; path = TipicalViewController.h; sourceTree = "<group>"; };
		209E34851749780800A9DCB2 /* TipicalViewController.m */ = {isa = PBXFileReference; lastKnownFileType = sourcecode.c.objc; path = TipicalViewController.m; sourceTree = "<group>"; };
/* End PBXFileReference section */

/* Begin PBXFrameworksBuildPhase section */
		209E34631749780800A9DCB2 /* Frameworks */ = {
			isa = PBXFrameworksBuildPhase;
			buildActionMask = 2147483647;
			files = (
				209E346A1749780800A9DCB2 /* UIKit.framework in Frameworks */,
				209E346C1749780800A9DCB2 /* Foundation.framework in Frameworks */,
				209E346E1749780800A9DCB2 /* CoreGraphics.framework in Frameworks */,
			);
			runOnlyForDeploymentPostprocessing = 0;
		};
/* End PBXFrameworksBuildPhase section */

/* Begin PBXGroup section */
		209E345D1749780800A9DCB2 = {
			isa = PBXGroup;
			children = (
				209E346F1749780800A9DCB2 /* Tipical */,
				209E34681749780800A9DCB2 /* Frameworks */,
				209E34671749780800A9DCB2 /* Products */,
			);
			sourceTree = "<group>";
		};
		209E34671749780800A9DCB2 /* Products */ = {
			isa = PBXGroup;
			children = (
				209E34661749780800A9DCB2 /* Tipical.app */,
			);
			name = Products;
			sourceTree = "<group>";
		};
		209E34681749780800A9DCB2 /* Frameworks */ = {
			isa = PBXGroup;
			children = (
				209E34691749780800A9DCB2 /* UIKit.framework */,
				209E346B1749780800A9DCB2 /* Foundation.framework */,
				209E346D1749780800A9DCB2 /* CoreGraphics.framework */,
			);
			name = Frameworks;
			sourceTree = "<group>";
		};
		209E346F1749780800A9DCB2 /* Tipical */ = {
			isa = PBXGroup;
			children = (
				209E34781749780800A9DCB2 /* TipicalAppDelegate.h */,
				209E34791749780800A9DCB2 /* TipicalAppDelegate.m */,
				209E34811749780800A9DCB2 /* MainStoryboard.storyboard */,
				209E34841749780800A9DCB2 /* TipicalViewController.h */,
				209E34851749780800A9DCB2 /* TipicalViewController.m */,
				209E34701749780800A9DCB2 /* Supporting Files */,
				2087A68B17520C9600AD8608 /* SplitterViewController.h */,
				2087A68C17520C9600AD8608 /* SplitterViewController.m */,
			);
			path = Tipical;
			sourceTree = "<group>";
		};
		209E34701749780800A9DCB2 /* Supporting Files */ = {
			isa = PBXGroup;
			children = (
				209E34711749780800A9DCB2 /* Tipical-Info.plist */,
				209E34721749780800A9DCB2 /* InfoPlist.strings */,
				209E34751749780800A9DCB2 /* main.m */,
				209E34771749780800A9DCB2 /* Tipical-Prefix.pch */,
				209E347B1749780800A9DCB2 /* Default.png */,
				209E347D1749780800A9DCB2 /* Default@2x.png */,
				209E347F1749780800A9DCB2 /* Default-568h@2x.png */,
			);
			name = "Supporting Files";
			sourceTree = "<group>";
		};
/* End PBXGroup section */

/* Begin PBXNativeTarget section */
		209E34651749780800A9DCB2 /* Tipical */ = {
			isa = PBXNativeTarget;
			buildConfigurationList = 209E34891749780800A9DCB2 /* Build configuration list for PBXNativeTarget "Tipical" */;
			buildPhases = (
				209E34621749780800A9DCB2 /* Sources */,
				209E34631749780800A9DCB2 /* Frameworks */,
				209E34641749780800A9DCB2 /* Resources */,
			);
			buildRules = (
			);
			dependencies = (
			);
			name = Tipical;
			productName = Tipical;
			productReference = 209E34661749780800A9DCB2 /* Tipical.app */;
			productType = "com.apple.product-type.application";
		};
/* End PBXNativeTarget section */

/* Begin PBXProject section */
		209E345E1749780800A9DCB2 /* Project object */ = {
			isa = PBXProject;
			attributes = {
				CLASSPREFIX = Tipical;
				LastUpgradeCheck = 0460;
				ORGANIZATIONNAME = "Gregory Zak";
			};
			buildConfigurationList = 209E34611749780800A9DCB2 /* Build configuration list for PBXProject "Tipical" */;
			compatibilityVersion = "Xcode 3.2";
			developmentRegion = English;
			hasScannedForEncodings = 0;
			knownRegions = (
				en,
			);
			mainGroup = 209E345D1749780800A9DCB2;
			productRefGroup = 209E34671749780800A9DCB2 /* Products */;
			projectDirPath = "";
			projectRoot = "";
			targets = (
				209E34651749780800A9DCB2 /* Tipical */,
			);
		};
/* End PBXProject section */

/* Begin PBXResourcesBuildPhase section */
		209E34641749780800A9DCB2 /* Resources */ = {
			isa = PBXResourcesBuildPhase;
			buildActionMask = 2147483647;
			files = (
				209E34741749780800A9DCB2 /* InfoPlist.strings in Resources */,
				209E347C1749780800A9DCB2 /* Default.png in Resources */,
				209E347E1749780800A9DCB2 /* Default@2x.png in Resources */,
				209E34801749780800A9DCB2 /* Default-568h@2x.png in Resources */,
				209E34831749780800A9DCB2 /* MainStoryboard.storyboard in Resources */,
			);
			runOnlyForDeploymentPostprocessing = 0;
		};
/* End PBXResourcesBuildPhase section */

/* Begin PBXSourcesBuildPhase section */
		209E34621749780800A9DCB2 /* Sources */ = {
			isa = PBXSourcesBuildPhase;
			buildActionMask = 2147483647;
			files = (
				209E34761749780800A9DCB2 /* main.m in Sources */,
				209E347A1749780800A9DCB2 /* TipicalAppDelegate.m in Sources */,
				209E34861749780800A9DCB2 /* TipicalViewController.m in Sources */,
				2087A68D17520C9600AD8608 /* SplitterViewController.m in Sources */,
			);
			runOnlyForDeploymentPostprocessing = 0;
		};
/* End PBXSourcesBuildPhase section */

/* Begin PBXVariantGroup section */
		209E34721749780800A9DCB2 /* InfoPlist.strings */ = {
			isa = PBXVariantGroup;
			children = (
				209E34731749780800A9DCB2 /* en */,
			);
			name = InfoPlist.strings;
			sourceTree = "<group>";
		};
		209E34811749780800A9DCB2 /* MainStoryboard.storyboard */ = {
			isa = PBXVariantGroup;
			children = (
				209E34821749780800A9DCB2 /* en */,
			);
			name = MainStoryboard.storyboard;
			sourceTree = "<group>";
		};
/* End PBXVariantGroup section */

/* Begin XCBuildConfiguration section */
		209E34871749780800A9DCB2 /* Debug */ = {
			isa = XCBuildConfiguration;
			buildSettings = {
				ALWAYS_SEARCH_USER_PATHS = NO;
				CLANG_CXX_LANGUAGE_STANDARD = "gnu++0x";
				CLANG_CXX_LIBRARY = "libc++";
				CLANG_ENABLE_OBJC_ARC = YES;
				CLANG_WARN_CONSTANT_CONVERSION = YES;
				CLANG_WARN_EMPTY_BODY = YES;
				CLANG_WARN_ENUM_CONVERSION = YES;
				CLANG_WARN_INT_CONVERSION = YES;
				CLANG_WARN__DUPLICATE_METHOD_MATCH = YES;
				"CODE_SIGN_IDENTITY[sdk=iphoneos*]" = "iPhone Developer";
				COPY_PHASE_STRIP = NO;
				GCC_C_LANGUAGE_STANDARD = gnu99;
				GCC_DYNAMIC_NO_PIC = NO;
				GCC_OPTIMIZATION_LEVEL = 0;
				GCC_PREPROCESSOR_DEFINITIONS = (
					"DEBUG=1",
					"$(inherited)",
				);
				GCC_SYMBOLS_PRIVATE_EXTERN = NO;
				GCC_WARN_ABOUT_RETURN_TYPE = YES;
				GCC_WARN_UNINITIALIZED_AUTOS = YES;
				GCC_WARN_UNUSED_VARIABLE = YES;
				IPHONEOS_DEPLOYMENT_TARGET = 6.1;
				ONLY_ACTIVE_ARCH = YES;
				SDKROOT = iphoneos;
			};
			name = Debug;
		};
		209E34881749780800A9DCB2 /* Release */ = {
			isa = XCBuildConfiguration;
			buildSettings = {
				ALWAYS_SEARCH_USER_PATHS = NO;
				CLANG_CXX_LANGUAGE_STANDARD = "gnu++0x";
				CLANG_CXX_LIBRARY = "libc++";
				CLANG_ENABLE_OBJC_ARC = YES;
				CLANG_WARN_CONSTANT_CONVERSION = YES;
				CLANG_WARN_EMPTY_BODY = YES;
				CLANG_WARN_ENUM_CONVERSION = YES;
				CLANG_WARN_INT_CONVERSION = YES;
				CLANG_WARN__DUPLICATE_METHOD_MATCH = YES;
				"CODE_SIGN_IDENTITY[sdk=iphoneos*]" = "iPhone Developer";
				COPY_PHASE_STRIP = YES;
				GCC_C_LANGUAGE_STANDARD = gnu99;
				GCC_WARN_ABOUT_RETURN_TYPE = YES;
				GCC_WARN_UNINITIALIZED_AUTOS = YES;
				GCC_WARN_UNUSED_VARIABLE = YES;
				IPHONEOS_DEPLOYMENT_TARGET = 6.1;
				OTHER_CFLAGS = "-DNS_BLOCK_ASSERTIONS=1";
				SDKROOT = iphoneos;
				VALIDATE_PRODUCT = YES;
			};
			name = Release;
		};
		209E348A1749780800A9DCB2 /* Debug */ = {
			isa = XCBuildConfiguration;
			buildSettings = {
				GCC_PRECOMPILE_PREFIX_HEADER = YES;
				GCC_PREFIX_HEADER = "Tipical/Tipical-Prefix.pch";
				INFOPLIST_FILE = "Tipical/Tipical-Info.plist";
				PRODUCT_NAME = "$(TARGET_NAME)";
				WRAPPER_EXTENSION = app;
			};
			name = Debug;
		};
		209E348B1749780800A9DCB2 /* Release */ = {
			isa = XCBuildConfiguration;
			buildSettings = {
				GCC_PRECOMPILE_PREFIX_HEADER = YES;
				GCC_PREFIX_HEADER = "Tipical/Tipical-Prefix.pch";
				INFOPLIST_FILE = "Tipical/Tipical-Info.plist";
				PRODUCT_NAME = "$(TARGET_NAME)";
				WRAPPER_EXTENSION = app;
			};
			name = Release;
		};
/* End XCBuildConfiguration section */

/* Begin XCConfigurationList section */
		209E34611749780800A9DCB2 /* Build configuration list for PBXProject "Tipical" */ = {
			isa = XCConfigurationList;
			buildConfigurations = (
				209E34871749780800A9DCB2 /* Debug */,
				209E34881749780800A9DCB2 /* Release */,
			);
			defaultConfigurationIsVisible = 0;
			defaultConfigurationName = Release;
		};
		209E34891749780800A9DCB2 /* Build configuration list for PBXNativeTarget "Tipical" */ = {
			isa = XCConfigurationList;
			buildConfigurations = (
				209E348A1749780800A9DCB2 /* Debug */,
				209E348B1749780800A9DCB2 /* Release */,
			);
			defaultConfigurationIsVisible = 0;
			defaultConfigurationName = Release;
		};
/* End XCConfigurationList section */
	};
	rootObject = 209E345E1749780800A9DCB2 /* Project object */;
}
